// !$*UTF8*$!
{
	archiveVersion = 1;
	classes = {
	};
	objectVersion = 56;
	objects = {

/* Begin PBXBuildFile section */
		A1FB1BB52A6E6A53000984E8 /* main.swift in Sources */ = {isa = PBXBuildFile; fileRef = A1FB1BB42A6E6A53000984E8 /* main.swift */; };
		A1FB1BBC2A6E6A64000984E8 /* BagAPI.swift in Sources */ = {isa = PBXBuildFile; fileRef = A1FB1BBB2A6E6A64000984E8 /* BagAPI.swift */; };
		A1FB1BBE2A6E6B04000984E8 /* StackAPI.swift in Sources */ = {isa = PBXBuildFile; fileRef = A1FB1BBD2A6E6B04000984E8 /* StackAPI.swift */; };
		A1FB1BC02A6E6BF6000984E8 /* QueueAPI.swift in Sources */ = {isa = PBXBuildFile; fileRef = A1FB1BBF2A6E6BF6000984E8 /* QueueAPI.swift */; };
/* End PBXBuildFile section */

/* Begin PBXCopyFilesBuildPhase section */
		A1FB1BAF2A6E6A53000984E8 /* CopyFiles */ = {
			isa = PBXCopyFilesBuildPhase;
			buildActionMask = 2147483647;
			dstPath = /usr/share/man/man1/;
			dstSubfolderSpec = 0;
			files = (
			);
			runOnlyForDeploymentPostprocessing = 1;
		};
/* End PBXCopyFilesBuildPhase section */

/* Begin PBXFileReference section */
		A1FB1BB12A6E6A53000984E8 /* APIs */ = {isa = PBXFileReference; explicitFileType = "compiled.mach-o.executable"; includeInIndex = 0; path = APIs; sourceTree = BUILT_PRODUCTS_DIR; };
		A1FB1BB42A6E6A53000984E8 /* main.swift */ = {isa = PBXFileReference; lastKnownFileType = sourcecode.swift; path = main.swift; sourceTree = "<group>"; };
		A1FB1BBB2A6E6A64000984E8 /* BagAPI.swift */ = {isa = PBXFileReference; lastKnownFileType = sourcecode.swift; path = BagAPI.swift; sourceTree = "<group>"; };
		A1FB1BBD2A6E6B04000984E8 /* StackAPI.swift */ = {isa = PBXFileReference; lastKnownFileType = sourcecode.swift; path = StackAPI.swift; sourceTree = "<group>"; };
		A1FB1BBF2A6E6BF6000984E8 /* QueueAPI.swift */ = {isa = PBXFileReference; lastKnownFileType = sourcecode.swift; path = QueueAPI.swift; sourceTree = "<group>"; };
/* End PBXFileReference section */

/* Begin PBXFrameworksBuildPhase section */
		A1FB1BAE2A6E6A53000984E8 /* Frameworks */ = {
			isa = PBXFrameworksBuildPhase;
			buildActionMask = 2147483647;
			files = (
			);
			runOnlyForDeploymentPostprocessing = 0;
		};
/* End PBXFrameworksBuildPhase section */

/* Begin PBXGroup section */
		A1FB1BA82A6E6A53000984E8 = {
			isa = PBXGroup;
			children = (
				A1FB1BB32A6E6A53000984E8 /* APIs */,
				A1FB1BB22A6E6A53000984E8 /* Products */,
			);
			sourceTree = "<group>";
		};
		A1FB1BB22A6E6A53000984E8 /* Products */ = {
			isa = PBXGroup;
			children = (
				A1FB1BB12A6E6A53000984E8 /* APIs */,
			);
			name = Products;
			sourceTree = "<group>";
		};
		A1FB1BB32A6E6A53000984E8 /* APIs */ = {
			isa = PBXGroup;
			children = (
				A1FB1BB42A6E6A53000984E8 /* main.swift */,
				A1FB1BBB2A6E6A64000984E8 /* BagAPI.swift */,
				A1FB1BBD2A6E6B04000984E8 /* StackAPI.swift */,
				A1FB1BBF2A6E6BF6000984E8 /* QueueAPI.swift */,
			);
			path = APIs;
			sourceTree = "<group>";
		};
/* End PBXGroup section */

/* Begin PBXNativeTarget section */
		A1FB1BB02A6E6A53000984E8 /* APIs */ = {
			isa = PBXNativeTarget;
			buildConfigurationList = A1FB1BB82A6E6A53000984E8 /* Build configuration list for PBXNativeTarget "APIs" */;
			buildPhases = (
				A1FB1BAD2A6E6A53000984E8 /* Sources */,
				A1FB1BAE2A6E6A53000984E8 /* Frameworks */,
				A1FB1BAF2A6E6A53000984E8 /* CopyFiles */,
			);
			buildRules = (
			);
			dependencies = (
			);
			name = APIs;
			productName = APIs;
			productReference = A1FB1BB12A6E6A53000984E8 /* APIs */;
			productType = "com.apple.product-type.tool";
		};
/* End PBXNativeTarget section */

/* Begin PBXProject section */
		A1FB1BA92A6E6A53000984E8 /* Project object */ = {
			isa = PBXProject;
			attributes = {
				BuildIndependentTargetsInParallel = 1;
				LastSwiftUpdateCheck = 1430;
				LastUpgradeCheck = 1430;
				TargetAttributes = {
					A1FB1BB02A6E6A53000984E8 = {
						CreatedOnToolsVersion = 14.3.1;
					};
				};
			};
			buildConfigurationList = A1FB1BAC2A6E6A53000984E8 /* Build configuration list for PBXProject "APIs" */;
			compatibilityVersion = "Xcode 14.0";
			developmentRegion = en;
			hasScannedForEncodings = 0;
			knownRegions = (
				en,
				Base,
			);
			mainGroup = A1FB1BA82A6E6A53000984E8;
			productRefGroup = A1FB1BB22A6E6A53000984E8 /* Products */;
			projectDirPath = "";
			projectRoot = "";
			targets = (
				A1FB1BB02A6E6A53000984E8 /* APIs */,
			);
		};
/* End PBXProject section */

/* Begin PBXSourcesBuildPhase section */
		A1FB1BAD2A6E6A53000984E8 /* Sources */ = {
			isa = PBXSourcesBuildPhase;
			buildActionMask = 2147483647;
			files = (
				A1FB1BC02A6E6BF6000984E8 /* QueueAPI.swift in Sources */,
				A1FB1BB52A6E6A53000984E8 /* main.swift in Sources */,
				A1FB1BBE2A6E6B04000984E8 /* StackAPI.swift in Sources */,
				A1FB1BBC2A6E6A64000984E8 /* BagAPI.swift in Sources */,
			);
			runOnlyForDeploymentPostprocessing = 0;
		};
/* End PBXSourcesBuildPhase section */

/* Begin XCBuildConfiguration section */
		A1FB1BB62A6E6A53000984E8 /* Debug */ = {
			isa = XCBuildConfiguration;
			buildSettings = {
				ALWAYS_SEARCH_USER_PATHS = NO;
				CLANG_ANALYZER_NONNULL = YES;
				CLANG_ANALYZER_NUMBER_OBJECT_CONVERSION = YES_AGGRESSIVE;
				CLANG_CXX_LANGUAGE_STANDARD = "gnu++20";
				CLANG_ENABLE_MODULES = YES;
				CLANG_ENABLE_OBJC_ARC = YES;
				CLANG_ENABLE_OBJC_WEAK = YES;
				CLANG_WARN_BLOCK_CAPTURE_AUTORELEASING = YES;
				CLANG_WARN_BOOL_CONVERSION = YES;
				CLANG_WARN_COMMA = YES;
				CLANG_WARN_CONSTANT_CONVERSION = YES;
				CLANG_WARN_DEPRECATED_OBJC_IMPLEMENTATIONS = YES;
				CLANG_WARN_DIRECT_OBJC_ISA_USAGE = YES_ERROR;
				CLANG_WARN_DOCUMENTATION_COMMENTS = YES;
				CLANG_WARN_EMPTY_BODY = YES;
				CLANG_WARN_ENUM_CONVERSION = YES;
				CLANG_WARN_INFINITE_RECURSION = YES;
				CLANG_WARN_INT_CONVERSION = YES;
				CLANG_WARN_NON_LITERAL_NULL_CONVERSION = YES;
				CLANG_WARN_OBJC_IMPLICIT_RETAIN_SELF = YES;
				CLANG_WARN_OBJC_LITERAL_CONVERSION = YES;
				CLANG_WARN_OBJC_ROOT_CLASS = YES_ERROR;
				CLANG_WARN_QUOTED_INCLUDE_IN_FRAMEWORK_HEADER = YES;
				CLANG_WARN_RANGE_LOOP_ANALYSIS = YES;
				CLANG_WARN_STRICT_PROTOTYPES = YES;
				CLANG_WARN_SUSPICIOUS_MOVE = YES;
				CLANG_WARN_UNGUARDED_AVAILABILITY = YES_AGGRESSIVE;
				CLANG_WARN_UNREACHABLE_CODE = YES;
				CLANG_WARN__DUPLICATE_METHOD_MATCH = YES;
				COPY_PHASE_STRIP = NO;
				DEBUG_INFORMATION_FORMAT = dwarf;
				ENABLE_STRICT_OBJC_MSGSEND = YES;
				ENABLE_TESTABILITY = YES;
				GCC_C_LANGUAGE_STANDARD = gnu11;
				GCC_DYNAMIC_NO_PIC = NO;
				GCC_NO_COMMON_BLOCKS = YES;
				GCC_OPTIMIZATION_LEVEL = 0;
				GCC_PREPROCESSOR_DEFINITIONS = (
					"DEBUG=1",
					"$(inherited)",
				);
				GCC_WARN_64_TO_32_BIT_CONVERSION = YES;
				GCC_WARN_ABOUT_RETURN_TYPE = YES_ERROR;
				GCC_WARN_UNDECLARED_SELECTOR = YES;
				GCC_WARN_UNINITIALIZED_AUTOS = YES_AGGRESSIVE;
				GCC_WARN_UNUSED_FUNCTION = YES;
				GCC_WARN_UNUSED_VARIABLE = YES;
				MACOSX_DEPLOYMENT_TARGET = 13.2;
				MTL_ENABLE_DEBUG_INFO = INCLUDE_SOURCE;
				MTL_FAST_MATH = YES;
				ONLY_ACTIVE_ARCH = YES;
				SDKROOT = macosx;
				SWIFT_ACTIVE_COMPILATION_CONDITIONS = DEBUG;
				SWIFT_OPTIMIZATION_LEVEL = "-Onone";
			};
			name = Debug;
		};
		A1FB1BB72A6E6A53000984E8 /* Release */ = {
			isa = XCBuildConfiguration;
			buildSettings = {
				ALWAYS_SEARCH_USER_PATHS = NO;
				CLANG_ANALYZER_NONNULL = YES;
				CLANG_ANALYZER_NUMBER_OBJECT_CONVERSION = YES_AGGRESSIVE;
				CLANG_CXX_LANGUAGE_STANDARD = "gnu++20";
				CLANG_ENABLE_MODULES = YES;
				CLANG_ENABLE_OBJC_ARC = YES;
				CLANG_ENABLE_OBJC_WEAK = YES;
				CLANG_WARN_BLOCK_CAPTURE_AUTORELEASING = YES;
				CLANG_WARN_BOOL_CONVERSION = YES;
				CLANG_WARN_COMMA = YES;
				CLANG_WARN_CONSTANT_CONVERSION = YES;
				CLANG_WARN_DEPRECATED_OBJC_IMPLEMENTATIONS = YES;
				CLANG_WARN_DIRECT_OBJC_ISA_USAGE = YES_ERROR;
				CLANG_WARN_DOCUMENTATION_COMMENTS = YES;
				CLANG_WARN_EMPTY_BODY = YES;
				CLANG_WARN_ENUM_CONVERSION = YES;
				CLANG_WARN_INFINITE_RECURSION = YES;
				CLANG_WARN_INT_CONVERSION = YES;
				CLANG_WARN_NON_LITERAL_NULL_CONVERSION = YES;
				CLANG_WARN_OBJC_IMPLICIT_RETAIN_SELF = YES;
				CLANG_WARN_OBJC_LITERAL_CONVERSION = YES;
				CLANG_WARN_OBJC_ROOT_CLASS = YES_ERROR;
				CLANG_WARN_QUOTED_INCLUDE_IN_FRAMEWORK_HEADER = YES;
				CLANG_WARN_RANGE_LOOP_ANALYSIS = YES;
				CLANG_WARN_STRICT_PROTOTYPES = YES;
				CLANG_WARN_SUSPICIOUS_MOVE = YES;
				CLANG_WARN_UNGUARDED_AVAILABILITY = YES_AGGRESSIVE;
				CLANG_WARN_UNREACHABLE_CODE = YES;
				CLANG_WARN__DUPLICATE_METHOD_MATCH = YES;
				COPY_PHASE_STRIP = NO;
				DEBUG_INFORMATION_FORMAT = "dwarf-with-dsym";
				ENABLE_NS_ASSERTIONS = NO;
				ENABLE_STRICT_OBJC_MSGSEND = YES;
				GCC_C_LANGUAGE_STANDARD = gnu11;
				GCC_NO_COMMON_BLOCKS = YES;
				GCC_WARN_64_TO_32_BIT_CONVERSION = YES;
				GCC_WARN_ABOUT_RETURN_TYPE = YES_ERROR;
				GCC_WARN_UNDECLARED_SELECTOR = YES;
				GCC_WARN_UNINITIALIZED_AUTOS = YES_AGGRESSIVE;
				GCC_WARN_UNUSED_FUNCTION = YES;
				GCC_WARN_UNUSED_VARIABLE = YES;
				MACOSX_DEPLOYMENT_TARGET = 13.2;
				MTL_ENABLE_DEBUG_INFO = NO;
				MTL_FAST_MATH = YES;
				SDKROOT = macosx;
				SWIFT_COMPILATION_MODE = wholemodule;
				SWIFT_OPTIMIZATION_LEVEL = "-O";
			};
			name = Release;
		};
		A1FB1BB92A6E6A53000984E8 /* Debug */ = {
			isa = XCBuildConfiguration;
			buildSettings = {
				CODE_SIGN_STYLE = Automatic;
				DEVELOPMENT_TEAM = 56CSXS7PD3;
				ENABLE_HARDENED_RUNTIME = YES;
				PRODUCT_NAME = "$(TARGET_NAME)";
				SWIFT_VERSION = 5.0;
			};
			name = Debug;
		};
		A1FB1BBA2A6E6A53000984E8 /* Release */ = {
			isa = XCBuildConfiguration;
			buildSettings = {
				CODE_SIGN_STYLE = Automatic;
				DEVELOPMENT_TEAM = 56CSXS7PD3;
				ENABLE_HARDENED_RUNTIME = YES;
				PRODUCT_NAME = "$(TARGET_NAME)";
				SWIFT_VERSION = 5.0;
			};
			name = Release;
		};
/* End XCBuildConfiguration section */

/* Begin XCConfigurationList section */
		A1FB1BAC2A6E6A53000984E8 /* Build configuration list for PBXProject "APIs" */ = {
			isa = XCConfigurationList;
			buildConfigurations = (
				A1FB1BB62A6E6A53000984E8 /* Debug */,
				A1FB1BB72A6E6A53000984E8 /* Release */,
			);
			defaultConfigurationIsVisible = 0;
			defaultConfigurationName = Release;
		};
		A1FB1BB82A6E6A53000984E8 /* Build configuration list for PBXNativeTarget "APIs" */ = {
			isa = XCConfigurationList;
			buildConfigurations = (
				A1FB1BB92A6E6A53000984E8 /* Debug */,
				A1FB1BBA2A6E6A53000984E8 /* Release */,
			);
			defaultConfigurationIsVisible = 0;
			defaultConfigurationName = Release;
		};
/* End XCConfigurationList section */
	};
	rootObject = A1FB1BA92A6E6A53000984E8 /* Project object */;
}
